// !$*UTF8*$!
{
	archiveVersion = 1;
	classes = {
	};
	objectVersion = 50;
	objects = {

/* Begin PBXBuildFile section */
		8091EBDF5C7C0D07B8187DF3 /* libPods-RunTime-Practise.a in Frameworks */ = {isa = PBXBuildFile; fileRef = 803FE65CFB5CB7A6B0354F7B /* libPods-RunTime-Practise.a */; };
		B23A9DBA20B7FFE600E75652 /* AppDelegate.m in Sources */ = {isa = PBXBuildFile; fileRef = B23A9DB920B7FFE600E75652 /* AppDelegate.m */; };
		B23A9DBD20B7FFE600E75652 /* ViewController.m in Sources */ = {isa = PBXBuildFile; fileRef = B23A9DBC20B7FFE600E75652 /* ViewController.m */; };
		B23A9DC020B7FFE600E75652 /* Main.storyboard in Resources */ = {isa = PBXBuildFile; fileRef = B23A9DBE20B7FFE600E75652 /* Main.storyboard */; };
		B23A9DC220B7FFE700E75652 /* Assets.xcassets in Resources */ = {isa = PBXBuildFile; fileRef = B23A9DC120B7FFE700E75652 /* Assets.xcassets */; };
		B23A9DC520B7FFE700E75652 /* LaunchScreen.storyboard in Resources */ = {isa = PBXBuildFile; fileRef = B23A9DC320B7FFE700E75652 /* LaunchScreen.storyboard */; };
		B23A9DC820B7FFE700E75652 /* main.m in Sources */ = {isa = PBXBuildFile; fileRef = B23A9DC720B7FFE700E75652 /* main.m */; };
		B23A9DD220B80A6F00E75652 /* ANYMethodLog.m in Sources */ = {isa = PBXBuildFile; fileRef = B23A9DD020B80A6F00E75652 /* ANYMethodLog.m */; };
/* End PBXBuildFile section */

/* Begin PBXFileReference section */
		0C3CCEFEE62B3F338B82BF57 /* Pods-RunTime-Practise.release.xcconfig */ = {isa = PBXFileReference; includeInIndex = 1; lastKnownFileType = text.xcconfig; name = "Pods-RunTime-Practise.release.xcconfig"; path = "Pods/Target Support Files/Pods-RunTime-Practise/Pods-RunTime-Practise.release.xcconfig"; sourceTree = "<group>"; };
		59FFD9FEBA7BA67A02AB522C /* Pods-RunTime-Practise.debug.xcconfig */ = {isa = PBXFileReference; includeInIndex = 1; lastKnownFileType = text.xcconfig; name = "Pods-RunTime-Practise.debug.xcconfig"; path = "Pods/Target Support Files/Pods-RunTime-Practise/Pods-RunTime-Practise.debug.xcconfig"; sourceTree = "<group>"; };
		803FE65CFB5CB7A6B0354F7B /* libPods-RunTime-Practise.a */ = {isa = PBXFileReference; explicitFileType = archive.ar; includeInIndex = 0; path = "libPods-RunTime-Practise.a"; sourceTree = BUILT_PRODUCTS_DIR; };
		B23A9DB520B7FFE600E75652 /* RunTime-Practise.app */ = {isa = PBXFileReference; explicitFileType = wrapper.application; includeInIndex = 0; path = "RunTime-Practise.app"; sourceTree = BUILT_PRODUCTS_DIR; };
		B23A9DB820B7FFE600E75652 /* AppDelegate.h */ = {isa = PBXFileReference; lastKnownFileType = sourcecode.c.h; path = AppDelegate.h; sourceTree = "<group>"; };
		B23A9DB920B7FFE600E75652 /* AppDelegate.m */ = {isa = PBXFileReference; lastKnownFileType = sourcecode.c.objc; path = AppDelegate.m; sourceTree = "<group>"; };
		B23A9DBB20B7FFE600E75652 /* ViewController.h */ = {isa = PBXFileReference; lastKnownFileType = sourcecode.c.h; path = ViewController.h; sourceTree = "<group>"; };
		B23A9DBC20B7FFE600E75652 /* ViewController.m */ = {isa = PBXFileReference; lastKnownFileType = sourcecode.c.objc; path = ViewController.m; sourceTree = "<group>"; };
		B23A9DBF20B7FFE600E75652 /* Base */ = {isa = PBXFileReference; lastKnownFileType = file.storyboard; name = Base; path = Base.lproj/Main.storyboard; sourceTree = "<group>"; };
		B23A9DC120B7FFE700E75652 /* Assets.xcassets */ = {isa = PBXFileReference; lastKnownFileType = folder.assetcatalog; path = Assets.xcassets; sourceTree = "<group>"; };
		B23A9DC420B7FFE700E75652 /* Base */ = {isa = PBXFileReference; lastKnownFileType = file.storyboard; name = Base; path = Base.lproj/LaunchScreen.storyboard; sourceTree = "<group>"; };
		B23A9DC620B7FFE700E75652 /* Info.plist */ = {isa = PBXFileReference; lastKnownFileType = text.plist.xml; path = Info.plist; sourceTree = "<group>"; };
		B23A9DC720B7FFE700E75652 /* main.m */ = {isa = PBXFileReference; lastKnownFileType = sourcecode.c.objc; path = main.m; sourceTree = "<group>"; };
		B23A9DD020B80A6F00E75652 /* ANYMethodLog.m */ = {isa = PBXFileReference; fileEncoding = 4; lastKnownFileType = sourcecode.c.objc; path = ANYMethodLog.m; sourceTree = "<group>"; };
		B23A9DD120B80A6F00E75652 /* ANYMethodLog.h */ = {isa = PBXFileReference; fileEncoding = 4; lastKnownFileType = sourcecode.c.h; path = ANYMethodLog.h; sourceTree = "<group>"; };
/* End PBXFileReference section */

/* Begin PBXFrameworksBuildPhase section */
		B23A9DB220B7FFE600E75652 /* Frameworks */ = {
			isa = PBXFrameworksBuildPhase;
			buildActionMask = 2147483647;
			files = (
				8091EBDF5C7C0D07B8187DF3 /* libPods-RunTime-Practise.a in Frameworks */,
			);
			runOnlyForDeploymentPostprocessing = 0;
		};
/* End PBXFrameworksBuildPhase section */

/* Begin PBXGroup section */
		3FF635DB0358F741E3AF2EBC /* Frameworks */ = {
			isa = PBXGroup;
			children = (
				803FE65CFB5CB7A6B0354F7B /* libPods-RunTime-Practise.a */,
			);
			name = Frameworks;
			sourceTree = "<group>";
		};
		B23A9DAC20B7FFE600E75652 = {
			isa = PBXGroup;
			children = (
				B23A9DB720B7FFE600E75652 /* RunTime-Practise */,
				B23A9DB620B7FFE600E75652 /* Products */,
				FC1F79D35E2919B8427A0AB8 /* Pods */,
				3FF635DB0358F741E3AF2EBC /* Frameworks */,
			);
			sourceTree = "<group>";
		};
		B23A9DB620B7FFE600E75652 /* Products */ = {
			isa = PBXGroup;
			children = (
				B23A9DB520B7FFE600E75652 /* RunTime-Practise.app */,
			);
			name = Products;
			sourceTree = "<group>";
		};
		B23A9DB720B7FFE600E75652 /* RunTime-Practise */ = {
			isa = PBXGroup;
			children = (
				B23A9DCF20B80A6F00E75652 /* ANYMethodLog */,
				B23A9DB820B7FFE600E75652 /* AppDelegate.h */,
				B23A9DB920B7FFE600E75652 /* AppDelegate.m */,
				B23A9DBB20B7FFE600E75652 /* ViewController.h */,
				B23A9DBC20B7FFE600E75652 /* ViewController.m */,
				B23A9DCE20B8008500E75652 /* Supporting Files */,
			);
			path = "RunTime-Practise";
			sourceTree = "<group>";
		};
		B23A9DCE20B8008500E75652 /* Supporting Files */ = {
			isa = PBXGroup;
			children = (
				B23A9DBE20B7FFE600E75652 /* Main.storyboard */,
				B23A9DC120B7FFE700E75652 /* Assets.xcassets */,
				B23A9DC320B7FFE700E75652 /* LaunchScreen.storyboard */,
				B23A9DC620B7FFE700E75652 /* Info.plist */,
				B23A9DC720B7FFE700E75652 /* main.m */,
			);
			name = "Supporting Files";
			sourceTree = "<group>";
		};
		B23A9DCF20B80A6F00E75652 /* ANYMethodLog */ = {
			isa = PBXGroup;
			children = (
				B23A9DD020B80A6F00E75652 /* ANYMethodLog.m */,
				B23A9DD120B80A6F00E75652 /* ANYMethodLog.h */,
			);
			path = ANYMethodLog;
			sourceTree = "<group>";
		};
		FC1F79D35E2919B8427A0AB8 /* Pods */ = {
			isa = PBXGroup;
			children = (
				59FFD9FEBA7BA67A02AB522C /* Pods-RunTime-Practise.debug.xcconfig */,
				0C3CCEFEE62B3F338B82BF57 /* Pods-RunTime-Practise.release.xcconfig */,
			);
			name = Pods;
			sourceTree = "<group>";
		};
/* End PBXGroup section */

/* Begin PBXNativeTarget section */
		B23A9DB420B7FFE600E75652 /* RunTime-Practise */ = {
			isa = PBXNativeTarget;
			buildConfigurationList = B23A9DCB20B7FFE700E75652 /* Build configuration list for PBXNativeTarget "RunTime-Practise" */;
			buildPhases = (
				70F81E7B710C251D3CE87BDC /* [CP] Check Pods Manifest.lock */,
				B23A9DB120B7FFE600E75652 /* Sources */,
				B23A9DB220B7FFE600E75652 /* Frameworks */,
				B23A9DB320B7FFE600E75652 /* Resources */,
			);
			buildRules = (
			);
			dependencies = (
			);
			name = "RunTime-Practise";
			productName = "RunTime-Practise";
			productReference = B23A9DB520B7FFE600E75652 /* RunTime-Practise.app */;
			productType = "com.apple.product-type.application";
		};
/* End PBXNativeTarget section */

/* Begin PBXProject section */
		B23A9DAD20B7FFE600E75652 /* Project object */ = {
			isa = PBXProject;
			attributes = {
				LastUpgradeCheck = 0930;
				ORGANIZATIONNAME = "Xin Hua Zhi Yun";
				TargetAttributes = {
					B23A9DB420B7FFE600E75652 = {
						CreatedOnToolsVersion = 9.3;
					};
				};
			};
			buildConfigurationList = B23A9DB020B7FFE600E75652 /* Build configuration list for PBXProject "RunTime-Practise" */;
			compatibilityVersion = "Xcode 9.3";
			developmentRegion = en;
			hasScannedForEncodings = 0;
			knownRegions = (
				en,
				Base,
			);
			mainGroup = B23A9DAC20B7FFE600E75652;
			productRefGroup = B23A9DB620B7FFE600E75652 /* Products */;
			projectDirPath = "";
			projectRoot = "";
			targets = (
				B23A9DB420B7FFE600E75652 /* RunTime-Practise */,
			);
		};
/* End PBXProject section */

/* Begin PBXResourcesBuildPhase section */
		B23A9DB320B7FFE600E75652 /* Resources */ = {
			isa = PBXResourcesBuildPhase;
			buildActionMask = 2147483647;
			files = (
				B23A9DC520B7FFE700E75652 /* LaunchScreen.storyboard in Resources */,
				B23A9DC220B7FFE700E75652 /* Assets.xcassets in Resources */,
				B23A9DC020B7FFE600E75652 /* Main.storyboard in Resources */,
			);
			runOnlyForDeploymentPostprocessing = 0;
		};
/* End PBXResourcesBuildPhase section */

/* Begin PBXShellScriptBuildPhase section */
		70F81E7B710C251D3CE87BDC /* [CP] Check Pods Manifest.lock */ = {
			isa = PBXShellScriptBuildPhase;
			buildActionMask = 2147483647;
			files = (
			);
			inputPaths = (
				"${PODS_PODFILE_DIR_PATH}/Podfile.lock",
				"${PODS_ROOT}/Manifest.lock",
			);
			name = "[CP] Check Pods Manifest.lock";
			outputPaths = (
				"$(DERIVED_FILE_DIR)/Pods-RunTime-Practise-checkManifestLockResult.txt",
			);
			runOnlyForDeploymentPostprocessing = 0;
			shellPath = /bin/sh;
			shellScript = "diff \"${PODS_PODFILE_DIR_PATH}/Podfile.lock\" \"${PODS_ROOT}/Manifest.lock\" > /dev/null\nif [ $? != 0 ] ; then\n    # print error to STDERR\n    echo \"error: The sandbox is not in sync with the Podfile.lock. Run 'pod install' or update your CocoaPods installation.\" >&2\n    exit 1\nfi\n# This output is used by Xcode 'outputs' to avoid re-running this script phase.\necho \"SUCCESS\" > \"${SCRIPT_OUTPUT_FILE_0}\"\n";
			showEnvVarsInLog = 0;
		};
/* End PBXShellScriptBuildPhase section */

/* Begin PBXSourcesBuildPhase section */
		B23A9DB120B7FFE600E75652 /* Sources */ = {
			isa = PBXSourcesBuildPhase;
			buildActionMask = 2147483647;
			files = (
				B23A9DD220B80A6F00E75652 /* ANYMethodLog.m in Sources */,
				B23A9DBD20B7FFE600E75652 /* ViewController.m in Sources */,
				B23A9DC820B7FFE700E75652 /* main.m in Sources */,
				B23A9DBA20B7FFE600E75652 /* AppDelegate.m in Sources */,
			);
			runOnlyForDeploymentPostprocessing = 0;
		};
/* End PBXSourcesBuildPhase section */

/* Begin PBXVariantGroup section */
		B23A9DBE20B7FFE600E75652 /* Main.storyboard */ = {
			isa = PBXVariantGroup;
			children = (
				B23A9DBF20B7FFE600E75652 /* Base */,
			);
			name = Main.storyboard;
			sourceTree = "<group>";
		};
		B23A9DC320B7FFE700E75652 /* LaunchScreen.storyboard */ = {
			isa = PBXVariantGroup;
			children = (
				B23A9DC420B7FFE700E75652 /* Base */,
			);
			name = LaunchScreen.storyboard;
			sourceTree = "<group>";
		};
/* End PBXVariantGroup section */

/* Begin XCBuildConfiguration section */
		B23A9DC920B7FFE700E75652 /* Debug */ = {
			isa = XCBuildConfiguration;
			buildSettings = {
				ALWAYS_SEARCH_USER_PATHS = NO;
				CLANG_ANALYZER_NONNULL = YES;
				CLANG_ANALYZER_NUMBER_OBJECT_CONVERSION = YES_AGGRESSIVE;
				CLANG_CXX_LANGUAGE_STANDARD = "gnu++14";
				CLANG_CXX_LIBRARY = "libc++";
				CLANG_ENABLE_MODULES = YES;
				CLANG_ENABLE_OBJC_ARC = YES;
				CLANG_ENABLE_OBJC_WEAK = YES;
				CLANG_WARN_BLOCK_CAPTURE_AUTORELEASING = YES;
				CLANG_WARN_BOOL_CONVERSION = YES;
				CLANG_WARN_COMMA = YES;
				CLANG_WARN_CONSTANT_CONVERSION = YES;
				CLANG_WARN_DEPRECATED_OBJC_IMPLEMENTATIONS = YES;
				CLANG_WARN_DIRECT_OBJC_ISA_USAGE = YES_ERROR;
				CLANG_WARN_DOCUMENTATION_COMMENTS = YES;
				CLANG_WARN_EMPTY_BODY = YES;
				CLANG_WARN_ENUM_CONVERSION = YES;
				CLANG_WARN_INFINITE_RECURSION = YES;
				CLANG_WARN_INT_CONVERSION = YES;
				CLANG_WARN_NON_LITERAL_NULL_CONVERSION = YES;
				CLANG_WARN_OBJC_IMPLICIT_RETAIN_SELF = YES;
				CLANG_WARN_OBJC_LITERAL_CONVERSION = YES;
				CLANG_WARN_OBJC_ROOT_CLASS = YES_ERROR;
				CLANG_WARN_RANGE_LOOP_ANALYSIS = YES;
				CLANG_WARN_STRICT_PROTOTYPES = YES;
				CLANG_WARN_SUSPICIOUS_MOVE = YES;
				CLANG_WARN_UNGUARDED_AVAILABILITY = YES_AGGRESSIVE;
				CLANG_WARN_UNREACHABLE_CODE = YES;
				CLANG_WARN__DUPLICATE_METHOD_MATCH = YES;
				CODE_SIGN_IDENTITY = "iPhone Developer";
				COPY_PHASE_STRIP = NO;
				DEBUG_INFORMATION_FORMAT = dwarf;
				ENABLE_STRICT_OBJC_MSGSEND = YES;
				ENABLE_TESTABILITY = YES;
				GCC_C_LANGUAGE_STANDARD = gnu11;
				GCC_DYNAMIC_NO_PIC = NO;
				GCC_NO_COMMON_BLOCKS = YES;
				GCC_OPTIMIZATION_LEVEL = 0;
				GCC_PREPROCESSOR_DEFINITIONS = (
					"DEBUG=1",
					"$(inherited)",
				);
				GCC_WARN_64_TO_32_BIT_CONVERSION = YES;
				GCC_WARN_ABOUT_RETURN_TYPE = YES_ERROR;
				GCC_WARN_UNDECLARED_SELECTOR = YES;
				GCC_WARN_UNINITIALIZED_AUTOS = YES_AGGRESSIVE;
				GCC_WARN_UNUSED_FUNCTION = YES;
				GCC_WARN_UNUSED_VARIABLE = YES;
				IPHONEOS_DEPLOYMENT_TARGET = 11.3;
				MTL_ENABLE_DEBUG_INFO = YES;
				ONLY_ACTIVE_ARCH = YES;
				SDKROOT = iphoneos;
			};
			name = Debug;
		};
		B23A9DCA20B7FFE700E75652 /* Release */ = {
			isa = XCBuildConfiguration;
			buildSettings = {
				ALWAYS_SEARCH_USER_PATHS = NO;
				CLANG_ANALYZER_NONNULL = YES;
				CLANG_ANALYZER_NUMBER_OBJECT_CONVERSION = YES_AGGRESSIVE;
				CLANG_CXX_LANGUAGE_STANDARD = "gnu++14";
				CLANG_CXX_LIBRARY = "libc++";
				CLANG_ENABLE_MODULES = YES;
				CLANG_ENABLE_OBJC_ARC = YES;
				CLANG_ENABLE_OBJC_WEAK = YES;
				CLANG_WARN_BLOCK_CAPTURE_AUTORELEASING = YES;
				CLANG_WARN_BOOL_CONVERSION = YES;
				CLANG_WARN_COMMA = YES;
				CLANG_WARN_CONSTANT_CONVERSION = YES;
				CLANG_WARN_DEPRECATED_OBJC_IMPLEMENTATIONS = YES;
				CLANG_WARN_DIRECT_OBJC_ISA_USAGE = YES_ERROR;
				CLANG_WARN_DOCUMENTATION_COMMENTS = YES;
				CLANG_WARN_EMPTY_BODY = YES;
				CLANG_WARN_ENUM_CONVERSION = YES;
				CLANG_WARN_INFINITE_RECURSION = YES;
				CLANG_WARN_INT_CONVERSION = YES;
				CLANG_WARN_NON_LITERAL_NULL_CONVERSION = YES;
				CLANG_WARN_OBJC_IMPLICIT_RETAIN_SELF = YES;
				CLANG_WARN_OBJC_LITERAL_CONVERSION = YES;
				CLANG_WARN_OBJC_ROOT_CLASS = YES_ERROR;
				CLANG_WARN_RANGE_LOOP_ANALYSIS = YES;
				CLANG_WARN_STRICT_PROTOTYPES = YES;
				CLANG_WARN_SUSPICIOUS_MOVE = YES;
				CLANG_WARN_UNGUARDED_AVAILABILITY = YES_AGGRESSIVE;
				CLANG_WARN_UNREACHABLE_CODE = YES;
				CLANG_WARN__DUPLICATE_METHOD_MATCH = YES;
				CODE_SIGN_IDENTITY = "iPhone Developer";
				COPY_PHASE_STRIP = NO;
				DEBUG_INFORMATION_FORMAT = "dwarf-with-dsym";
				ENABLE_NS_ASSERTIONS = NO;
				ENABLE_STRICT_OBJC_MSGSEND = YES;
				GCC_C_LANGUAGE_STANDARD = gnu11;
				GCC_NO_COMMON_BLOCKS = YES;
				GCC_WARN_64_TO_32_BIT_CONVERSION = YES;
				GCC_WARN_ABOUT_RETURN_TYPE = YES_ERROR;
				GCC_WARN_UNDECLARED_SELECTOR = YES;
				GCC_WARN_UNINITIALIZED_AUTOS = YES_AGGRESSIVE;
				GCC_WARN_UNUSED_FUNCTION = YES;
				GCC_WARN_UNUSED_VARIABLE = YES;
				IPHONEOS_DEPLOYMENT_TARGET = 11.3;
				MTL_ENABLE_DEBUG_INFO = NO;
				SDKROOT = iphoneos;
				VALIDATE_PRODUCT = YES;
			};
			name = Release;
		};
		B23A9DCC20B7FFE700E75652 /* Debug */ = {
			isa = XCBuildConfiguration;
			baseConfigurationReference = 59FFD9FEBA7BA67A02AB522C /* Pods-RunTime-Practise.debug.xcconfig */;
			buildSettings = {
				ASSETCATALOG_COMPILER_APPICON_NAME = AppIcon;
				CODE_SIGN_STYLE = Automatic;
				DEVELOPMENT_TEAM = R43737H5WP;
				INFOPLIST_FILE = "RunTime-Practise/Info.plist";
				LD_RUNPATH_SEARCH_PATHS = (
					"$(inherited)",
					"@executable_path/Frameworks",
				);
				PRODUCT_BUNDLE_IDENTIFIER = "com.shuwen.RunTime-Practise";
				PRODUCT_NAME = "$(TARGET_NAME)";
				TARGETED_DEVICE_FAMILY = "1,2";
			};
			name = Debug;
		};
		B23A9DCD20B7FFE700E75652 /* Release */ = {
			isa = XCBuildConfiguration;
			baseConfigurationReference = 0C3CCEFEE62B3F338B82BF57 /* Pods-RunTime-Practise.release.xcconfig */;
			buildSettings = {
				ASSETCATALOG_COMPILER_APPICON_NAME = AppIcon;
				CODE_SIGN_STYLE = Automatic;
				DEVELOPMENT_TEAM = R43737H5WP;
				INFOPLIST_FILE = "RunTime-Practise/Info.plist";
				LD_RUNPATH_SEARCH_PATHS = (
					"$(inherited)",
					"@executable_path/Frameworks",
				);
				PRODUCT_BUNDLE_IDENTIFIER = "com.shuwen.RunTime-Practise";
				PRODUCT_NAME = "$(TARGET_NAME)";
				TARGETED_DEVICE_FAMILY = "1,2";
			};
			name = Release;
		};
/* End XCBuildConfiguration section */

/* Begin XCConfigurationList section */
		B23A9DB020B7FFE600E75652 /* Build configuration list for PBXProject "RunTime-Practise" */ = {
			isa = XCConfigurationList;
			buildConfigurations = (
				B23A9DC920B7FFE700E75652 /* Debug */,
				B23A9DCA20B7FFE700E75652 /* Release */,
			);
			defaultConfigurationIsVisible = 0;
			defaultConfigurationName = Release;
		};
		B23A9DCB20B7FFE700E75652 /* Build configuration list for PBXNativeTarget "RunTime-Practise" */ = {
			isa = XCConfigurationList;
			buildConfigurations = (
				B23A9DCC20B7FFE700E75652 /* Debug */,
				B23A9DCD20B7FFE700E75652 /* Release */,
			);
			defaultConfigurationIsVisible = 0;
			defaultConfigurationName = Release;
		};
/* End XCConfigurationList section */
	};
	rootObject = B23A9DAD20B7FFE600E75652 /* Project object */;
}
